<?xml version="1.0" encoding="UTF-8" standalone="yes" ?>
<CodeBlocks_project_file>
	<FileVersion major="1" minor="6" />
	<Project>
		<Option title="hpberg" />
		<Option pch_mode="2" />
		<Option compiler="dmd" />
		<Build>
			<Target title="Debug">
				<Option output="hpberg" prefix_auto="1" extension_auto="1" />
				<Option working_dir="../hpberg" />
				<Option object_output="obj/Debug/" />
				<Option type="1" />
				<Option compiler="dmd" />
				<Compiler>
					<Add option="-g" />
					<Add option="-debug" />
					<Add option="-I../../../" />
				</Compiler>
			</Target>
			<Target title="Release">
				<Option output="hpberg" prefix_auto="1" extension_auto="1" />
				<Option object_output="obj/Release/" />
				<Option type="1" />
				<Option compiler="dmd" />
				<Compiler>
					<Add option="-O" />
				</Compiler>
			</Target>
		</Build>
		<Unit filename="../../../texi/bomstring.d" />
		<Unit filename="../../../texi/buffer.d" />
		<Unit filename="../../../texi/inputEncode.d" />
		<Unit filename="../../../texi/read.d" />
		<Unit filename="src/hpberg.d" />
		<Extensions>
			<code_completion />
			<debugger />
		</Extensions>
	</Project>
</CodeBlocks_project_file>
